// !$*UTF8*$!
{
	archiveVersion = 1;
	classes = {
	};
	objectVersion = 46;
	objects = {

/* Begin PBXBuildFile section */
		FA7D45891EF118FB0076729C /* AppDelegate.swift in Sources */ = {isa = PBXBuildFile; fileRef = FA7D45881EF118FB0076729C /* AppDelegate.swift */; };
		FA7D458B1EF118FB0076729C /* ViewController.swift in Sources */ = {isa = PBXBuildFile; fileRef = FA7D458A1EF118FB0076729C /* ViewController.swift */; };
		FA7D458E1EF118FB0076729C /* Main.storyboard in Resources */ = {isa = PBXBuildFile; fileRef = FA7D458C1EF118FB0076729C /* Main.storyboard */; };
		FA7D45901EF118FB0076729C /* Assets.xcassets in Resources */ = {isa = PBXBuildFile; fileRef = FA7D458F1EF118FB0076729C /* Assets.xcassets */; };
		FA7D45931EF118FB0076729C /* LaunchScreen.storyboard in Resources */ = {isa = PBXBuildFile; fileRef = FA7D45911EF118FB0076729C /* LaunchScreen.storyboard */; };
		FA7D459D1EF120570076729C /* ic_autorenew_2x.png in Resources */ = {isa = PBXBuildFile; fileRef = FA7D459A1EF120570076729C /* ic_autorenew_2x.png */; };
		FA7D459E1EF120570076729C /* ic_autorenew_3x.png in Resources */ = {isa = PBXBuildFile; fileRef = FA7D459B1EF120570076729C /* ic_autorenew_3x.png */; };
		FA7D459F1EF120570076729C /* ic_autorenew.png in Resources */ = {isa = PBXBuildFile; fileRef = FA7D459C1EF120570076729C /* ic_autorenew.png */; };
		FA7D45A11EF122780076729C /* ic_chevron_right_2x.png in Resources */ = {isa = PBXBuildFile; fileRef = FA7D45A01EF122780076729C /* ic_chevron_right_2x.png */; };
		FA7D45A31EF1228E0076729C /* ic_chevron_left_2x.png in Resources */ = {isa = PBXBuildFile; fileRef = FA7D45A21EF1228E0076729C /* ic_chevron_left_2x.png */; };
		FA7D45A51EF123310076729C /* ic_home_2x.png in Resources */ = {isa = PBXBuildFile; fileRef = FA7D45A41EF123310076729C /* ic_home_2x.png */; };
		FA7D45A71EF123690076729C /* ic_home.png in Resources */ = {isa = PBXBuildFile; fileRef = FA7D45A61EF123690076729C /* ic_home.png */; };
/* End PBXBuildFile section */

/* Begin PBXFileReference section */
		FA7D45851EF118FB0076729C /* Navigetor Toolbar Multiple Screen.app */ = {isa = PBXFileReference; explicitFileType = wrapper.application; includeInIndex = 0; path = "Navigetor Toolbar Multiple Screen.app"; sourceTree = BUILT_PRODUCTS_DIR; };
		FA7D45881EF118FB0076729C /* AppDelegate.swift */ = {isa = PBXFileReference; lastKnownFileType = sourcecode.swift; path = AppDelegate.swift; sourceTree = "<group>"; };
		FA7D458A1EF118FB0076729C /* ViewController.swift */ = {isa = PBXFileReference; lastKnownFileType = sourcecode.swift; path = ViewController.swift; sourceTree = "<group>"; };
		FA7D458D1EF118FB0076729C /* Base */ = {isa = PBXFileReference; lastKnownFileType = file.storyboard; name = Base; path = Base.lproj/Main.storyboard; sourceTree = "<group>"; };
		FA7D458F1EF118FB0076729C /* Assets.xcassets */ = {isa = PBXFileReference; lastKnownFileType = folder.assetcatalog; path = Assets.xcassets; sourceTree = "<group>"; };
		FA7D45921EF118FB0076729C /* Base */ = {isa = PBXFileReference; lastKnownFileType = file.storyboard; name = Base; path = Base.lproj/LaunchScreen.storyboard; sourceTree = "<group>"; };
		FA7D45941EF118FB0076729C /* Info.plist */ = {isa = PBXFileReference; lastKnownFileType = text.plist.xml; path = Info.plist; sourceTree = "<group>"; };
		FA7D459A1EF120570076729C /* ic_autorenew_2x.png */ = {isa = PBXFileReference; lastKnownFileType = image.png; name = ic_autorenew_2x.png; path = ../../../../Desktop/ic_autorenew_2x.png; sourceTree = "<group>"; };
		FA7D459B1EF120570076729C /* ic_autorenew_3x.png */ = {isa = PBXFileReference; lastKnownFileType = image.png; name = ic_autorenew_3x.png; path = ../../../../Desktop/ic_autorenew_3x.png; sourceTree = "<group>"; };
		FA7D459C1EF120570076729C /* ic_autorenew.png */ = {isa = PBXFileReference; lastKnownFileType = image.png; name = ic_autorenew.png; path = ../../../../Desktop/ic_autorenew.png; sourceTree = "<group>"; };
		FA7D45A01EF122780076729C /* ic_chevron_right_2x.png */ = {isa = PBXFileReference; lastKnownFileType = image.png; name = ic_chevron_right_2x.png; path = ../../../../Downloads/ic_chevron_right_black_24dp/ios/ic_chevron_right.imageset/ic_chevron_right_2x.png; sourceTree = "<group>"; };
		FA7D45A21EF1228E0076729C /* ic_chevron_left_2x.png */ = {isa = PBXFileReference; lastKnownFileType = image.png; name = ic_chevron_left_2x.png; path = ../../../../Downloads/ic_chevron_left_black_24dp/ios/ic_chevron_left.imageset/ic_chevron_left_2x.png; sourceTree = "<group>"; };
		FA7D45A41EF123310076729C /* ic_home_2x.png */ = {isa = PBXFileReference; lastKnownFileType = image.png; name = ic_home_2x.png; path = ../../../../Downloads/ic_home_black_24dp/ios/ic_home.imageset/ic_home_2x.png; sourceTree = "<group>"; };
		FA7D45A61EF123690076729C /* ic_home.png */ = {isa = PBXFileReference; lastKnownFileType = image.png; name = ic_home.png; path = ../../../../Downloads/ic_home_black_24dp/ios/ic_home.imageset/ic_home.png; sourceTree = "<group>"; };
/* End PBXFileReference section */

/* Begin PBXFrameworksBuildPhase section */
		FA7D45821EF118FB0076729C /* Frameworks */ = {
			isa = PBXFrameworksBuildPhase;
			buildActionMask = 2147483647;
			files = (
			);
			runOnlyForDeploymentPostprocessing = 0;
		};
/* End PBXFrameworksBuildPhase section */

/* Begin PBXGroup section */
		FA7D457C1EF118FB0076729C = {
			isa = PBXGroup;
			children = (
				FA7D45871EF118FB0076729C /* Navigetor Toolbar Multiple Screen */,
				FA7D45861EF118FB0076729C /* Products */,
			);
			sourceTree = "<group>";
		};
		FA7D45861EF118FB0076729C /* Products */ = {
			isa = PBXGroup;
			children = (
				FA7D45851EF118FB0076729C /* Navigetor Toolbar Multiple Screen.app */,
			);
			name = Products;
			sourceTree = "<group>";
		};
		FA7D45871EF118FB0076729C /* Navigetor Toolbar Multiple Screen */ = {
			isa = PBXGroup;
			children = (
				FA7D45A61EF123690076729C /* ic_home.png */,
				FA7D45A41EF123310076729C /* ic_home_2x.png */,
				FA7D45A21EF1228E0076729C /* ic_chevron_left_2x.png */,
				FA7D45A01EF122780076729C /* ic_chevron_right_2x.png */,
				FA7D459A1EF120570076729C /* ic_autorenew_2x.png */,
				FA7D459B1EF120570076729C /* ic_autorenew_3x.png */,
				FA7D459C1EF120570076729C /* ic_autorenew.png */,
				FA7D45881EF118FB0076729C /* AppDelegate.swift */,
				FA7D458A1EF118FB0076729C /* ViewController.swift */,
				FA7D458C1EF118FB0076729C /* Main.storyboard */,
				FA7D458F1EF118FB0076729C /* Assets.xcassets */,
				FA7D45911EF118FB0076729C /* LaunchScreen.storyboard */,
				FA7D45941EF118FB0076729C /* Info.plist */,
			);
			path = "Navigetor Toolbar Multiple Screen";
			sourceTree = "<group>";
		};
/* End PBXGroup section */

/* Begin PBXNativeTarget section */
		FA7D45841EF118FB0076729C /* Navigetor Toolbar Multiple Screen */ = {
			isa = PBXNativeTarget;
			buildConfigurationList = FA7D45971EF118FB0076729C /* Build configuration list for PBXNativeTarget "Navigetor Toolbar Multiple Screen" */;
			buildPhases = (
				FA7D45811EF118FB0076729C /* Sources */,
				FA7D45821EF118FB0076729C /* Frameworks */,
				FA7D45831EF118FB0076729C /* Resources */,
			);
			buildRules = (
			);
			dependencies = (
			);
			name = "Navigetor Toolbar Multiple Screen";
			productName = "Navigetor Toolbar Multiple Screen";
			productReference = FA7D45851EF118FB0076729C /* Navigetor Toolbar Multiple Screen.app */;
			productType = "com.apple.product-type.application";
		};
/* End PBXNativeTarget section */

/* Begin PBXProject section */
		FA7D457D1EF118FB0076729C /* Project object */ = {
			isa = PBXProject;
			attributes = {
				LastSwiftUpdateCheck = 0830;
				LastUpgradeCheck = 0830;
				ORGANIZATIONNAME = SNRU;
				TargetAttributes = {
					FA7D45841EF118FB0076729C = {
						CreatedOnToolsVersion = 8.3.3;
						ProvisioningStyle = Automatic;
					};
				};
			};
			buildConfigurationList = FA7D45801EF118FB0076729C /* Build configuration list for PBXProject "Navigetor Toolbar Multiple Screen" */;
			compatibilityVersion = "Xcode 3.2";
			developmentRegion = English;
			hasScannedForEncodings = 0;
			knownRegions = (
				en,
				Base,
			);
			mainGroup = FA7D457C1EF118FB0076729C;
			productRefGroup = FA7D45861EF118FB0076729C /* Products */;
			projectDirPath = "";
			projectRoot = "";
			targets = (
				FA7D45841EF118FB0076729C /* Navigetor Toolbar Multiple Screen */,
			);
		};
/* End PBXProject section */

/* Begin PBXResourcesBuildPhase section */
		FA7D45831EF118FB0076729C /* Resources */ = {
			isa = PBXResourcesBuildPhase;
			buildActionMask = 2147483647;
			files = (
				FA7D45A11EF122780076729C /* ic_chevron_right_2x.png in Resources */,
				FA7D459E1EF120570076729C /* ic_autorenew_3x.png in Resources */,
				FA7D459D1EF120570076729C /* ic_autorenew_2x.png in Resources */,
				FA7D45A51EF123310076729C /* ic_home_2x.png in Resources */,
				FA7D45A71EF123690076729C /* ic_home.png in Resources */,
				FA7D45931EF118FB0076729C /* LaunchScreen.storyboard in Resources */,
				FA7D45A31EF1228E0076729C /* ic_chevron_left_2x.png in Resources */,
				FA7D45901EF118FB0076729C /* Assets.xcassets in Resources */,
				FA7D459F1EF120570076729C /* ic_autorenew.png in Resources */,
				FA7D458E1EF118FB0076729C /* Main.storyboard in Resources */,
			);
			runOnlyForDeploymentPostprocessing = 0;
		};
/* End PBXResourcesBuildPhase section */

/* Begin PBXSourcesBuildPhase section */
		FA7D45811EF118FB0076729C /* Sources */ = {
			isa = PBXSourcesBuildPhase;
			buildActionMask = 2147483647;
			files = (
				FA7D458B1EF118FB0076729C /* ViewController.swift in Sources */,
				FA7D45891EF118FB0076729C /* AppDelegate.swift in Sources */,
			);
			runOnlyForDeploymentPostprocessing = 0;
		};
/* End PBXSourcesBuildPhase section */

/* Begin PBXVariantGroup section */
		FA7D458C1EF118FB0076729C /* Main.storyboard */ = {
			isa = PBXVariantGroup;
			children = (
				FA7D458D1EF118FB0076729C /* Base */,
			);
			name = Main.storyboard;
			sourceTree = "<group>";
		};
		FA7D45911EF118FB0076729C /* LaunchScreen.storyboard */ = {
			isa = PBXVariantGroup;
			children = (
				FA7D45921EF118FB0076729C /* Base */,
			);
			name = LaunchScreen.storyboard;
			sourceTree = "<group>";
		};
/* End PBXVariantGroup section */

/* Begin XCBuildConfiguration section */
		FA7D45951EF118FB0076729C /* Debug */ = {
			isa = XCBuildConfiguration;
			buildSettings = {
				ALWAYS_SEARCH_USER_PATHS = NO;
				CLANG_ANALYZER_NONNULL = YES;
				CLANG_ANALYZER_NUMBER_OBJECT_CONVERSION = YES_AGGRESSIVE;
				CLANG_CXX_LANGUAGE_STANDARD = "gnu++0x";
				CLANG_CXX_LIBRARY = "libc++";
				CLANG_ENABLE_MODULES = YES;
				CLANG_ENABLE_OBJC_ARC = YES;
				CLANG_WARN_BOOL_CONVERSION = YES;
				CLANG_WARN_CONSTANT_CONVERSION = YES;
				CLANG_WARN_DIRECT_OBJC_ISA_USAGE = YES_ERROR;
				CLANG_WARN_DOCUMENTATION_COMMENTS = YES;
				CLANG_WARN_EMPTY_BODY = YES;
				CLANG_WARN_ENUM_CONVERSION = YES;
				CLANG_WARN_INFINITE_RECURSION = YES;
				CLANG_WARN_INT_CONVERSION = YES;
				CLANG_WARN_OBJC_ROOT_CLASS = YES_ERROR;
				CLANG_WARN_SUSPICIOUS_MOVE = YES;
				CLANG_WARN_UNREACHABLE_CODE = YES;
				CLANG_WARN__DUPLICATE_METHOD_MATCH = YES;
				"CODE_SIGN_IDENTITY[sdk=iphoneos*]" = "iPhone Developer";
				COPY_PHASE_STRIP = NO;
				DEBUG_INFORMATION_FORMAT = dwarf;
				ENABLE_STRICT_OBJC_MSGSEND = YES;
				ENABLE_TESTABILITY = YES;
				GCC_C_LANGUAGE_STANDARD = gnu99;
				GCC_DYNAMIC_NO_PIC = NO;
				GCC_NO_COMMON_BLOCKS = YES;
				GCC_OPTIMIZATION_LEVEL = 0;
				GCC_PREPROCESSOR_DEFINITIONS = (
					"DEBUG=1",
					"$(inherited)",
				);
				GCC_WARN_64_TO_32_BIT_CONVERSION = YES;
				GCC_WARN_ABOUT_RETURN_TYPE = YES_ERROR;
				GCC_WARN_UNDECLARED_SELECTOR = YES;
				GCC_WARN_UNINITIALIZED_AUTOS = YES_AGGRESSIVE;
				GCC_WARN_UNUSED_FUNCTION = YES;
				GCC_WARN_UNUSED_VARIABLE = YES;
				IPHONEOS_DEPLOYMENT_TARGET = 10.3;
				MTL_ENABLE_DEBUG_INFO = YES;
				ONLY_ACTIVE_ARCH = YES;
				SDKROOT = iphoneos;
				SWIFT_ACTIVE_COMPILATION_CONDITIONS = DEBUG;
				SWIFT_OPTIMIZATION_LEVEL = "-Onone";
				TARGETED_DEVICE_FAMILY = "1,2";
			};
			name = Debug;
		};
		FA7D45961EF118FB0076729C /* Release */ = {
			isa = XCBuildConfiguration;
			buildSettings = {
				ALWAYS_SEARCH_USER_PATHS = NO;
				CLANG_ANALYZER_NONNULL = YES;
				CLANG_ANALYZER_NUMBER_OBJECT_CONVERSION = YES_AGGRESSIVE;
				CLANG_CXX_LANGUAGE_STANDARD = "gnu++0x";
				CLANG_CXX_LIBRARY = "libc++";
				CLANG_ENABLE_MODULES = YES;
				CLANG_ENABLE_OBJC_ARC = YES;
				CLANG_WARN_BOOL_CONVERSION = YES;
				CLANG_WARN_CONSTANT_CONVERSION = YES;
				CLANG_WARN_DIRECT_OBJC_ISA_USAGE = YES_ERROR;
				CLANG_WARN_DOCUMENTATION_COMMENTS = YES;
				CLANG_WARN_EMPTY_BODY = YES;
				CLANG_WARN_ENUM_CONVERSION = YES;
				CLANG_WARN_INFINITE_RECURSION = YES;
				CLANG_WARN_INT_CONVERSION = YES;
				CLANG_WARN_OBJC_ROOT_CLASS = YES_ERROR;
				CLANG_WARN_SUSPICIOUS_MOVE = YES;
				CLANG_WARN_UNREACHABLE_CODE = YES;
				CLANG_WARN__DUPLICATE_METHOD_MATCH = YES;
				"CODE_SIGN_IDENTITY[sdk=iphoneos*]" = "iPhone Developer";
				COPY_PHASE_STRIP = NO;
				DEBUG_INFORMATION_FORMAT = "dwarf-with-dsym";
				ENABLE_NS_ASSERTIONS = NO;
				ENABLE_STRICT_OBJC_MSGSEND = YES;
				GCC_C_LANGUAGE_STANDARD = gnu99;
				GCC_NO_COMMON_BLOCKS = YES;
				GCC_WARN_64_TO_32_BIT_CONVERSION = YES;
				GCC_WARN_ABOUT_RETURN_TYPE = YES_ERROR;
				GCC_WARN_UNDECLARED_SELECTOR = YES;
				GCC_WARN_UNINITIALIZED_AUTOS = YES_AGGRESSIVE;
				GCC_WARN_UNUSED_FUNCTION = YES;
				GCC_WARN_UNUSED_VARIABLE = YES;
				IPHONEOS_DEPLOYMENT_TARGET = 10.3;
				MTL_ENABLE_DEBUG_INFO = NO;
				SDKROOT = iphoneos;
				SWIFT_OPTIMIZATION_LEVEL = "-Owholemodule";
				TARGETED_DEVICE_FAMILY = "1,2";
				VALIDATE_PRODUCT = YES;
			};
			name = Release;
		};
		FA7D45981EF118FB0076729C /* Debug */ = {
			isa = XCBuildConfiguration;
			buildSettings = {
				ASSETCATALOG_COMPILER_APPICON_NAME = AppIcon;
				INFOPLIST_FILE = "Navigetor Toolbar Multiple Screen/Info.plist";
				LD_RUNPATH_SEARCH_PATHS = "$(inherited) @executable_path/Frameworks";
				PRODUCT_BUNDLE_IDENTIFIER = "Computer.Weerapat.Navigetor-Toolbar-Multiple-Screen";
				PRODUCT_NAME = "$(TARGET_NAME)";
				SWIFT_VERSION = 3.0;
			};
			name = Debug;
		};
		FA7D45991EF118FB0076729C /* Release */ = {
			isa = XCBuildConfiguration;
			buildSettings = {
				ASSETCATALOG_COMPILER_APPICON_NAME = AppIcon;
				INFOPLIST_FILE = "Navigetor Toolbar Multiple Screen/Info.plist";
				LD_RUNPATH_SEARCH_PATHS = "$(inherited) @executable_path/Frameworks";
				PRODUCT_BUNDLE_IDENTIFIER = "Computer.Weerapat.Navigetor-Toolbar-Multiple-Screen";
				PRODUCT_NAME = "$(TARGET_NAME)";
				SWIFT_VERSION = 3.0;
			};
			name = Release;
		};
/* End XCBuildConfiguration section */

/* Begin XCConfigurationList section */
		FA7D45801EF118FB0076729C /* Build configuration list for PBXProject "Navigetor Toolbar Multiple Screen" */ = {
			isa = XCConfigurationList;
			buildConfigurations = (
				FA7D45951EF118FB0076729C /* Debug */,
				FA7D45961EF118FB0076729C /* Release */,
			);
			defaultConfigurationIsVisible = 0;
			defaultConfigurationName = Release;
		};
		FA7D45971EF118FB0076729C /* Build configuration list for PBXNativeTarget "Navigetor Toolbar Multiple Screen" */ = {
			isa = XCConfigurationList;
			buildConfigurations = (
				FA7D45981EF118FB0076729C /* Debug */,
				FA7D45991EF118FB0076729C /* Release */,
			);
			defaultConfigurationIsVisible = 0;
		};
/* End XCConfigurationList section */
	};
	rootObject = FA7D457D1EF118FB0076729C /* Project object */;
}
